
Microsoft Visual Studio Solution File, Format Version 12.00
# Visual Studio Version 17
VisualStudioVersion = 17.7.34009.444
MinimumVisualStudioVersion = 10.0.40219.1
Project("{FAE04EC0-301F-11D3-BF4B-00C04F79EFBC}") = "JovemProgramadorAPI", "JovemProgramadorAPI\JovemProgramadorAPI.csproj", "{F903CD55-936D-4983-AA65-70C8B8CD83AB}"
EndProject
Project("{2150E333-8FDC-42A3-9474-1A3956D46DE8}") = "1-Api", "1-Api", "{6D829884-29AE-4702-939F-1B327BB3D1A7}"
EndProject
Project("{2150E333-8FDC-42A3-9474-1A3956D46DE8}") = "2-Application", "2-Application", "{06ADE3BA-D4CF-43A2-ABCC-4FF771BA3454}"
EndProject
Project("{2150E333-8FDC-42A3-9474-1A3956D46DE8}") = "3-Domain", "3-Domain", "{5854F5C5-2EA5-4D0B-A8BB-2C1F54B52CB7}"
EndProject
Project("{2150E333-8FDC-42A3-9474-1A3956D46DE8}") = "4-Infra", "4-Infra", "{7638EB5B-07E5-42CA-A255-8AAEEB2C96DA}"
EndProject
Project("{2150E333-8FDC-42A3-9474-1A3956D46DE8}") = "5-Teste", "5-Teste", "{79E7387D-BCBA-401A-93C1-1094306546FF}"
EndProject
Project("{FAE04EC0-301F-11D3-BF4B-00C04F79EFBC}") = "Modelo.Application", "Modelo.Application\Modelo.Application.csproj", "{55762D5D-DFF5-4107-9986-C90C8AC4A717}"
EndProject
Project("{FAE04EC0-301F-11D3-BF4B-00C04F79EFBC}") = "Modelo.Domain", "Modelo.Domain\Modelo.Domain.csproj", "{0BDA07B4-B311-40BE-AA4A-1D0EED2523C4}"
EndProject
Project("{FAE04EC0-301F-11D3-BF4B-00C04F79EFBC}") = "Modelo.Infra", "Modelo.Infra\Modelo.Infra.csproj", "{133D0DD9-A74F-4198-AF09-388D5F51F536}"
EndProject
Global
	GlobalSection(SolutionConfigurationPlatforms) = preSolution
		Debug|Any CPU = Debug|Any CPU
		Release|Any CPU = Release|Any CPU
	EndGlobalSection
	GlobalSection(ProjectConfigurationPlatforms) = postSolution
		{F903CD55-936D-4983-AA65-70C8B8CD83AB}.Debug|Any CPU.ActiveCfg = Debug|Any CPU
		{F903CD55-936D-4983-AA65-70C8B8CD83AB}.Debug|Any CPU.Build.0 = Debug|Any CPU
		{F903CD55-936D-4983-AA65-70C8B8CD83AB}.Release|Any CPU.ActiveCfg = Release|Any CPU
		{F903CD55-936D-4983-AA65-70C8B8CD83AB}.Release|Any CPU.Build.0 = Release|Any CPU
		{55762D5D-DFF5-4107-9986-C90C8AC4A717}.Debug|Any CPU.ActiveCfg = Debug|Any CPU
		{55762D5D-DFF5-4107-9986-C90C8AC4A717}.Debug|Any CPU.Build.0 = Debug|Any CPU
		{55762D5D-DFF5-4107-9986-C90C8AC4A717}.Release|Any CPU.ActiveCfg = Release|Any CPU
		{55762D5D-DFF5-4107-9986-C90C8AC4A717}.Release|Any CPU.Build.0 = Release|Any CPU
		{0BDA07B4-B311-40BE-AA4A-1D0EED2523C4}.Debug|Any CPU.ActiveCfg = Debug|Any CPU
		{0BDA07B4-B311-40BE-AA4A-1D0EED2523C4}.Debug|Any CPU.Build.0 = Debug|Any CPU
		{0BDA07B4-B311-40BE-AA4A-1D0EED2523C4}.Release|Any CPU.ActiveCfg = Release|Any CPU
		{0BDA07B4-B311-40BE-AA4A-1D0EED2523C4}.Release|Any CPU.Build.0 = Release|Any CPU
		{133D0DD9-A74F-4198-AF09-388D5F51F536}.Debug|Any CPU.ActiveCfg = Debug|Any CPU
		{133D0DD9-A74F-4198-AF09-388D5F51F536}.Debug|Any CPU.Build.0 = Debug|Any CPU
		{133D0DD9-A74F-4198-AF09-388D5F51F536}.Release|Any CPU.ActiveCfg = Release|Any CPU
		{133D0DD9-A74F-4198-AF09-388D5F51F536}.Release|Any CPU.Build.0 = Release|Any CPU
	EndGlobalSection
	GlobalSection(SolutionProperties) = preSolution
		HideSolutionNode = FALSE
	EndGlobalSection
	GlobalSection(NestedProjects) = preSolution
		{F903CD55-936D-4983-AA65-70C8B8CD83AB} = {6D829884-29AE-4702-939F-1B327BB3D1A7}
		{55762D5D-DFF5-4107-9986-C90C8AC4A717} = {06ADE3BA-D4CF-43A2-ABCC-4FF771BA3454}
		{0BDA07B4-B311-40BE-AA4A-1D0EED2523C4} = {5854F5C5-2EA5-4D0B-A8BB-2C1F54B52CB7}
		{133D0DD9-A74F-4198-AF09-388D5F51F536} = {7638EB5B-07E5-42CA-A255-8AAEEB2C96DA}
	EndGlobalSection
	GlobalSection(ExtensibilityGlobals) = postSolution
		SolutionGuid = {D90B30BE-76A8-4C8B-9505-E0BFDB6558FC}
	EndGlobalSection
EndGlobal
